
Microsoft Visual Studio Solution File, Format Version 12.00
# Visual Studio Version 17
VisualStudioVersion = 17.4.33213.308
MinimumVisualStudioVersion = 10.0.40219.1
Project("{FAE04EC0-301F-11D3-BF4B-00C04F79EFBC}") = "system-xml-linq-xcontainer-element-returned-null", "system-xml-linq-xcontainer-element-returned-null\system-xml-linq-xcontainer-element-returned-null.csproj", "{4402220F-8AAB-4FE7-8753-86458C9CA8DB}"
EndProject
Project("{FAE04EC0-301F-11D3-BF4B-00C04F79EFBC}") = "merge-list-of-objects-using-linq-in-c-sharp", "merge-list-of-objects-using-linq-in-c-sharp\merge-list-of-objects-using-linq-in-c-sharp.csproj", "{C19154EC-A1D5-4B38-9F78-EC7343A7AA79}"
EndProject
Global
	GlobalSection(SolutionConfigurationPlatforms) = preSolution
		Debug|Any CPU = Debug|Any CPU
		Release|Any CPU = Release|Any CPU
	EndGlobalSection
	GlobalSection(ProjectConfigurationPlatforms) = postSolution
		{4402220F-8AAB-4FE7-8753-86458C9CA8DB}.Debug|Any CPU.ActiveCfg = Debug|Any CPU
		{4402220F-8AAB-4FE7-8753-86458C9CA8DB}.Debug|Any CPU.Build.0 = Debug|Any CPU
		{4402220F-8AAB-4FE7-8753-86458C9CA8DB}.Release|Any CPU.ActiveCfg = Release|Any CPU
		{4402220F-8AAB-4FE7-8753-86458C9CA8DB}.Release|Any CPU.Build.0 = Release|Any CPU
		{C19154EC-A1D5-4B38-9F78-EC7343A7AA79}.Debug|Any CPU.ActiveCfg = Debug|Any CPU
		{C19154EC-A1D5-4B38-9F78-EC7343A7AA79}.Debug|Any CPU.Build.0 = Debug|Any CPU
		{C19154EC-A1D5-4B38-9F78-EC7343A7AA79}.Release|Any CPU.ActiveCfg = Release|Any CPU
		{C19154EC-A1D5-4B38-9F78-EC7343A7AA79}.Release|Any CPU.Build.0 = Release|Any CPU
	EndGlobalSection
	GlobalSection(SolutionProperties) = preSolution
		HideSolutionNode = FALSE
	EndGlobalSection
	GlobalSection(ExtensibilityGlobals) = postSolution
		SolutionGuid = {14D476F3-80FA-4C06-8022-0C3B12AC8B34}
	EndGlobalSection
EndGlobal
